{
  "requires": true,
  "lockfileVersion": 1,
  "dependencies": {
    "accepts": {
      "version": "1.1.4",
      "resolved": "https://registry.npmjs.org/accepts/-/accepts-1.1.4.tgz",
      "integrity": "sha512-8EKM6XlFgqSpDcxkT9yxCT8nDSWEVBD0UjgUWMCWh5kH9VU+ar2MhmDDYGxohXujPU8PPz88ukpkvfXFVWygHw==",
      "requires": {
        "mime-types": "~2.0.4",
        "negotiator": "0.4.9"
      }
    },
    "after": {
      "version": "0.8.1",
      "resolved": "https://registry.npmjs.org/after/-/after-0.8.1.tgz",
      "integrity": "sha512-SuI3vWhCFeSmkmmJ3efyuOkrhGyp/AuHthh3F5DinGYh2kR9t/0xUlm3/Vn2qMScfgg+cKho5fW7TUEYUhYeiA=="
    },
    "arraybuffer.slice": {
      "version": "0.0.6",
      "resolved": "https://registry.npmjs.org/arraybuffer.slice/-/arraybuffer.slice-0.0.6.tgz",
      "integrity": "sha512-6ZjfQaBSy6CuIH0+B0NrxMfDE5VIOCP/5gOqSpEIsaAZx9/giszzrXg6PZ7G51U/n88UmlAgYLNQ9wAnII7PJA=="
    },
    "backo2": {
      "version": "1.0.2",
      "resolved": "https://registry.npmjs.org/backo2/-/backo2-1.0.2.tgz",
      "integrity": "sha512-zj6Z6M7Eq+PBZ7PQxl5NT665MvJdAkzp0f60nAJ+sLaSCBPMwVak5ZegFbgVCzFcCJTKFoMizvM5Ld7+JrRJHA=="
    },
    "base64-arraybuffer": {
      "version": "0.1.2",
      "resolved": "https://registry.npmjs.org/base64-arraybuffer/-/base64-arraybuffer-0.1.2.tgz",
      "integrity": "sha512-ewBKKVVPIl78B26mYQHYlaxR7NydMiD/GxwLNIwTAfLIE4xhN2Gxcy30//azq5UrejXjzGpWjcBu3NUJxzMMzg=="
    },
    "base64id": {
      "version": "0.1.0",
      "resolved": "https://registry.npmjs.org/base64id/-/base64id-0.1.0.tgz",
      "integrity": "sha512-DSjtfjhAsHl9J4OJj7e4+toV2zqxJrGwVd3CLlsCp8QmicvOn7irG0Mb8brOc/nur3SdO8lIbNlY1s1ZDJdUKQ=="
    },
    "benchmark": {
      "version": "1.0.0",
      "resolved": "https://registry.npmjs.org/benchmark/-/benchmark-1.0.0.tgz",
      "integrity": "sha512-qSlOi0If8sI+icu3l/W5rd4R0etJz9orLPWpDdt1lPgEFzEHYYnkfMuotj+Lx5SyMkmfawlPoW9RmoEm19ziHA=="
    },
    "better-assert": {
      "version": "1.0.2",
      "resolved": "https://registry.npmjs.org/better-assert/-/better-assert-1.0.2.tgz",
      "integrity": "sha512-bYeph2DFlpK1XmGs6fvlLRUN29QISM3GBuUwSFsMY2XRx4AvC0WNCS57j4c/xGrK2RS24C1w3YoBOsw9fT46tQ==",
      "requires": {
        "callsite": "1.0.0"
      }
    },
    "blob": {
      "version": "0.0.4",
      "resolved": "https://registry.npmjs.org/blob/-/blob-0.0.4.tgz",
      "integrity": "sha512-YRc9zvVz4wNaxcXmiSgb9LAg7YYwqQ2xd0Sj6osfA7k/PKmIGVlnOYs3wOFdkRC9/JpQu8sGt/zHgJV7xzerfg=="
    },
    "callsite": {
      "version": "1.0.0",
      "resolved": "https://registry.npmjs.org/callsite/-/callsite-1.0.0.tgz",
      "integrity": "sha512-0vdNRFXn5q+dtOqjfFtmtlI9N2eVZ7LMyEV2iKC5mEEFvSg/69Ml6b/WU2qF8W1nLRa0wiSrDT3Y5jOHZCwKPQ=="
    },
    "component-bind": {
      "version": "1.0.0",
      "resolved": "https://registry.npmjs.org/component-bind/-/component-bind-1.0.0.tgz",
      "integrity": "sha512-WZveuKPeKAG9qY+FkYDeADzdHyTYdIboXS59ixDeRJL5ZhxpqUnxSOwop4FQjMsiYm3/Or8cegVbpAHNA7pHxw=="
    },
    "component-emitter": {
      "version": "1.1.2",
      "resolved": "https://registry.npmjs.org/component-emitter/-/component-emitter-1.1.2.tgz",
      "integrity": "sha512-YhIbp3PJiznERfjlIkK0ue4obZxt2S60+0W8z24ZymOHT8sHloOqWOqZRU2eN5OlY8U08VFsP02letcu26FilA=="
    },
    "component-inherit": {
      "version": "0.0.3",
      "resolved": "https://registry.npmjs.org/component-inherit/-/component-inherit-0.0.3.tgz",
      "integrity": "sha512-w+LhYREhatpVqTESyGFg3NlP6Iu0kEKUHETY9GoZP/pQyW4mHFZuFWRUCIqVPZ36ueVLtoOEZaAqbCF2RDndaA=="
    },
    "debug": {
      "version": "2.2.0",
      "resolved": "https://registry.npmjs.org/debug/-/debug-2.2.0.tgz",
      "integrity": "sha512-X0rGvJcskG1c3TgSCPqHJ0XJgwlcvOC7elJ5Y0hYuKBZoVqWpAMfLOeIh2UI/DCQ5ruodIjvsugZtjUYUw2pUw==",
      "requires": {
        "ms": "0.7.1"
      }
    },
    "engine.io": {
      "version": "1.6.8",
      "resolved": "https://registry.npmjs.org/engine.io/-/engine.io-1.6.8.tgz",
      "integrity": "sha512-OsFYCtdM1MmWqtfbNN+tHkvhlC/AJovIIoTfUCwRvcaDPul2UlorjmTUdONf/YWO4ZWzOo1y4JxSDCU9r03WmQ==",
      "requires": {
        "accepts": "1.1.4",
        "base64id": "0.1.0",
        "debug": "2.2.0",
        "engine.io-parser": "1.2.4",
        "ws": "1.0.1"
      }
    },
    "engine.io-client": {
      "version": "1.6.8",
      "resolved": "https://registry.npmjs.org/engine.io-client/-/engine.io-client-1.6.8.tgz",
      "integrity": "sha512-2GAGoNHnA1cj+B+7F42j59DMcoVqOW2odSXjJPFSJ1Y/3oIorHeVgtjOiTNapxR9740oL1zKzjM1IFEvXNcjOg==",
      "requires": {
        "component-emitter": "1.1.2",
        "component-inherit": "0.0.3",
        "debug": "2.2.0",
        "engine.io-parser": "1.2.4",
        "has-cors": "1.1.0",
        "indexof": "0.0.1",
        "parsejson": "0.0.1",
        "parseqs": "0.0.2",
        "parseuri": "0.0.4",
        "ws": "1.0.1",
        "xmlhttprequest-ssl": "1.5.1",
        "yeast": "0.1.2"
      }
    },
    "engine.io-parser": {
      "version": "1.2.4",
      "resolved": "https://registry.npmjs.org/engine.io-parser/-/engine.io-parser-1.2.4.tgz",
      "integrity": "sha512-qmLhc+CHGicieFJ3xZ3+pTpGLTopbEYAYASv1kX0CaHY7LxT5HVgGN0FKML2yq+G+mkknXAu6zYnZny2tjn5dg==",
      "requires": {
        "after": "0.8.1",
        "arraybuffer.slice": "0.0.6",
        "base64-arraybuffer": "0.1.2",
        "blob": "0.0.4",
        "has-binary": "0.1.6",
        "utf8": "2.1.0"
      },
      "dependencies": {
        "has-binary": {
          "version": "0.1.6",
          "resolved": "https://registry.npmjs.org/has-binary/-/has-binary-0.1.6.tgz",
          "integrity": "sha512-aBByfHrIiIt6PQ+jFXsLIFVNpHVyXDcCZ77VZ4kvxv6TvTwipSTDNvKnPN5xOi/cQTcxhLa4lBV2b49pZGQgXw==",
          "requires": {
            "isarray": "0.0.1"
          }
        }
      }
    },
    "has-binary": {
      "version": "0.1.7",
      "resolved": "https://registry.npmjs.org/has-binary/-/has-binary-0.1.7.tgz",
      "integrity": "sha512-k1Umb4/jrBWZbtL+QKSji8qWeoZ7ZTkXdnDXt1wxwBKAFM0//u96wDj43mBIqCIas8rDQMYyrBEvcS8hdGd4Sg==",
      "requires": {
        "isarray": "0.0.1"
      }
    },
    "has-cors": {
      "version": "1.1.0",
      "resolved": "https://registry.npmjs.org/has-cors/-/has-cors-1.1.0.tgz",
      "integrity": "sha512-g5VNKdkFuUuVCP9gYfDJHjK2nqdQJ7aDLTnycnc2+RvsOQbuLdF5pm7vuE5J76SEBIQjs4kQY/BWq74JUmjbXA=="
    },
    "indexof": {
      "version": "0.0.1",
      "resolved": "https://registry.npmjs.org/indexof/-/indexof-0.0.1.tgz",
      "integrity": "sha512-i0G7hLJ1z0DE8dsqJa2rycj9dBmNKgXBvotXtZYXakU9oivfB9Uj2ZBC27qqef2U58/ZLwalxa1X/RDCdkHtVg=="
    },
    "isarray": {
      "version": "0.0.1",
      "resolved": "https://registry.npmjs.org/isarray/-/isarray-0.0.1.tgz",
      "integrity": "sha512-D2S+3GLxWH+uhrNEcoh/fnmYeP8E8/zHl644d/jdA0g2uyXvy3sb0qxotE+ne0LtccHknQzWwZEzhak7oJ0COQ=="
    },
    "json3": {
      "version": "3.2.6",
      "resolved": "https://registry.npmjs.org/json3/-/json3-3.2.6.tgz",
      "integrity": "sha512-KA+GHhYTLTo7Ri4DyjwUgW8kn98AYtVZtBC94qL5yD0ZSYct8/eF8qBmTNyk+gPE578bKeIL4WBq+MUyd1I26g=="
    },
    "mime-db": {
      "version": "1.12.0",
      "resolved": "https://registry.npmjs.org/mime-db/-/mime-db-1.12.0.tgz",
      "integrity": "sha512-5aMAW7I4jZoZB27fXRuekqc4DVvJ7+hM8UcWrNj2mqibE54gXgPSonBYBdQW5hyaVNGmiYjY0ZMqn9fBefWYvA=="
    },
    "mime-types": {
      "version": "2.0.14",
      "resolved": "https://registry.npmjs.org/mime-types/-/mime-types-2.0.14.tgz",
      "integrity": "sha512-2ZHUEstNkIf2oTWgtODr6X0Cc4Ns/RN/hktdozndiEhhAC2wxXejF1FH0XLHTEImE9h6gr/tcnr3YOnSGsxc7Q==",
      "requires": {
        "mime-db": "~1.12.0"
      }
    },
    "ms": {
      "version": "0.7.1",
      "resolved": "https://registry.npmjs.org/ms/-/ms-0.7.1.tgz",
      "integrity": "sha512-lRLiIR9fSNpnP6TC4v8+4OU7oStC01esuNowdQ34L+Gk8e5Puoc88IqJ+XAY/B3Mn2ZKis8l8HX90oU8ivzUHg=="
    },
    "negotiator": {
      "version": "0.4.9",
      "resolved": "https://registry.npmjs.org/negotiator/-/negotiator-0.4.9.tgz",
      "integrity": "sha512-fvi5GQce2TGDzanaTxNY3bboxjdce18sqwNylY439wkEkiJIyTMhGFMdlPCvDsIPa9IKIfhKwCMWEQ9YpZgb1Q=="
    },
    "object-component": {
      "version": "0.0.3",
      "resolved": "https://registry.npmjs.org/object-component/-/object-component-0.0.3.tgz",
      "integrity": "sha512-S0sN3agnVh2SZNEIGc0N1X4Z5K0JeFbGBrnuZpsxuUh5XLF0BnvWkMjRXo/zGKLd/eghvNIKcx1pQkmUjXIyrA=="
    },
    "options": {
      "version": "0.0.6",
      "resolved": "https://registry.npmjs.org/options/-/options-0.0.6.tgz",
      "integrity": "sha512-bOj3L1ypm++N+n7CEbbe473A414AB7z+amKYshRb//iuL3MpdDCLhPnw6aVTdKB9g5ZRVHIEp8eUln6L2NUStg=="
    },
    "parsejson": {
      "version": "0.0.1",
      "resolved": "https://registry.npmjs.org/parsejson/-/parsejson-0.0.1.tgz",
      "integrity": "sha512-W9CRvTfYQY/kbRc5Q6YTWarb/QDxdEGbd6RCP8CLUQDJV89RVHoS2A0dZYNtAcq31fulGNN4ZhAhiQQazwlKJg==",
      "requires": {
        "better-assert": "~1.0.0"
      }
    },
    "parseqs": {
      "version": "0.0.2",
      "resolved": "https://registry.npmjs.org/parseqs/-/parseqs-0.0.2.tgz",
      "integrity": "sha512-vyyyfQGUFZnDhgrrdn+hh1JuOfvbXU5oRr6dijfkSIbaFuxGgTSCA/RNVcsADmo0k2NX6wERVTMKkXokjuObJA==",
      "requires": {
        "better-assert": "~1.0.0"
      }
    },
    "parseuri": {
      "version": "0.0.4",
      "resolved": "https://registry.npmjs.org/parseuri/-/parseuri-0.0.4.tgz",
      "integrity": "sha512-9pW0ZCCDtEIzW7beHfLg2N13pgctOVRq1Z+1PKdpsF4wD9GhYUMAAxBhmPRPVVy1fg2z+eH/8uw8dgA0j9DNzw==",
      "requires": {
        "better-assert": "~1.0.0"
      }
    },
    "socket.io": {
      "version": "1.4.5",
      "resolved": "https://registry.npmjs.org/socket.io/-/socket.io-1.4.5.tgz",
      "integrity": "sha512-Po2HZi77KrV35ftgDJc4ECF5WQy7nsjRMENIJ5Y0D65YMYSEik58N5xl0NIRKdORQ4kvNymFHgjmaVtDyanVeQ==",
      "requires": {
        "debug": "2.2.0",
        "engine.io": "1.6.8",
        "has-binary": "0.1.7",
        "socket.io-adapter": "0.4.0",
        "socket.io-client": "1.4.5",
        "socket.io-parser": "2.2.6"
      }
    },
    "socket.io-adapter": {
      "version": "0.4.0",
      "resolved": "https://registry.npmjs.org/socket.io-adapter/-/socket.io-adapter-0.4.0.tgz",
      "integrity": "sha512-nWW2nAX2FlxFr6GFPew2CKC3sDZkhWJEdw2GRml81L43ntCsD5ZiTNQcH0VAQzC/7gvckanNKelQ6eSIErSJCg==",
      "requires": {
        "debug": "2.2.0",
        "socket.io-parser": "2.2.2"
      },
      "dependencies": {
        "socket.io-parser": {
          "version": "2.2.2",
          "resolved": "https://registry.npmjs.org/socket.io-parser/-/socket.io-parser-2.2.2.tgz",
          "integrity": "sha512-fM+hIkoQPh0oNLoL7yx39fvtqMncRTBekjENFPT8dEYHXqvRYC8yWwT+m9PW8wmYieUcqzw7yJnHNXzPAC9i9w==",
          "requires": {
            "benchmark": "1.0.0",
            "component-emitter": "1.1.2",
            "debug": "0.7.4",
            "isarray": "0.0.1",
            "json3": "3.2.6"
          },
          "dependencies": {
            "debug": {
              "version": "0.7.4",
              "resolved": "https://registry.npmjs.org/debug/-/debug-0.7.4.tgz",
              "integrity": "sha512-EohAb3+DSHSGx8carOSKJe8G0ayV5/i609OD0J2orCkuyae7SyZSz2aoLmQF2s0Pj5gITDebwPH7GFBlqOUQ1Q=="
            }
          }
        }
      }
    },
    "socket.io-client": {
      "version": "1.4.5",
      "resolved": "https://registry.npmjs.org/socket.io-client/-/socket.io-client-1.4.5.tgz",
      "integrity": "sha512-6dmsWzxxMll0Xczxr7etl5aQqsUxJ9TJ2Xvd94LsrJRYVZTpv8wscrMibPxPipj+KPwtkSjQDmP6YMCsk+B8rQ==",
      "requires": {
        "backo2": "1.0.2",
        "component-bind": "1.0.0",
        "component-emitter": "1.2.0",
        "debug": "2.2.0",
        "engine.io-client": "1.6.8",
        "has-binary": "0.1.7",
        "indexof": "0.0.1",
        "object-component": "0.0.3",
        "parseuri": "0.0.4",
        "socket.io-parser": "2.2.6",
        "to-array": "0.1.4"
      },
      "dependencies": {
        "component-emitter": {
          "version": "1.2.0",
          "resolved": "https://registry.npmjs.org/component-emitter/-/component-emitter-1.2.0.tgz",
          "integrity": "sha512-U8EviusIm8Fc5vMbs9opNX8r/hAz8PFYOu003AR1OVkCnDSTaBHB8inMn97yIbkGlI+dcdsItTBjgiZkVVzxYg=="
        }
      }
    },
    "socket.io-parser": {
      "version": "2.2.6",
      "resolved": "https://registry.npmjs.org/socket.io-parser/-/socket.io-parser-2.2.6.tgz",
      "integrity": "sha512-uXTZmnj1jyTE57vgOlU0K5GKVFA80KB+q3kcExgFDtofI9l1ax5rS6LVG8aOLSK1Tb17jvF1pMVPQCYygD3tYQ==",
      "requires": {
        "benchmark": "1.0.0",
        "component-emitter": "1.1.2",
        "debug": "2.2.0",
        "isarray": "0.0.1",
        "json3": "3.3.2"
      },
      "dependencies": {
        "json3": {
          "version": "3.3.2",
          "resolved": "https://registry.npmjs.org/json3/-/json3-3.3.2.tgz",
          "integrity": "sha512-I5YLeauH3rIaE99EE++UeH2M2gSYo8/2TqDac7oZEH6D/DSQ4Woa628Qrfj1X9/OY5Mk5VvIDQaKCDchXaKrmA=="
        }
      }
    },
    "to-array": {
      "version": "0.1.4",
      "resolved": "https://registry.npmjs.org/to-array/-/to-array-0.1.4.tgz",
      "integrity": "sha512-LhVdShQD/4Mk4zXNroIQZJC+Ap3zgLcDuwEdcmLv9CCO73NWockQDwyUnW/m8VX/EElfL6FcYx7EeutN4HJA6A=="
    },
    "ultron": {
      "version": "1.0.2",
      "resolved": "https://registry.npmjs.org/ultron/-/ultron-1.0.2.tgz",
      "integrity": "sha512-QMpnpVtYaWEeY+MwKDN/UdKlE/LsFZXM5lO1u7GaZzNgmIbGixHEmVMIKT+vqYOALu3m5GYQy9kz4Xu4IVn7Ow=="
    },
    "utf8": {
      "version": "2.1.0",
      "resolved": "https://registry.npmjs.org/utf8/-/utf8-2.1.0.tgz",
      "integrity": "sha512-meBQCGPqrY9eH0gLoJ45HzjLWGKLaROTGkWPbWhyGO/b/Q7lB3T3NClcKe6aQCgDXF3hwx5WzYBXbA+c8j17Yw=="
    },
    "ws": {
      "version": "1.0.1",
      "resolved": "https://registry.npmjs.org/ws/-/ws-1.0.1.tgz",
      "integrity": "sha512-JcrURpj0uO3Kn30PZitCOmD2InWHIt6skFKKtXHAZ/2IK9hVzFXW89b3JDenT/diXyV8qdRGmNR0OA210QMnYQ==",
      "requires": {
        "options": ">=0.0.5",
        "ultron": "1.0.x"
      }
    },
    "xmlhttprequest-ssl": {
      "version": "1.5.1",
      "resolved": "https://registry.npmjs.org/xmlhttprequest-ssl/-/xmlhttprequest-ssl-1.5.1.tgz",
      "integrity": "sha512-yVeGn9mCv5868tlRfjBCcSSvdukMMItgB/B+1lxwweh5Az3hmGvr4ZTq6qXJ1ZSLMupsF4HBrb1d3E45t1KDYA=="
    },
    "yeast": {
      "version": "0.1.2",
      "resolved": "https://registry.npmjs.org/yeast/-/yeast-0.1.2.tgz",
      "integrity": "sha512-8HFIh676uyGYP6wP13R/j6OJ/1HwJ46snpvzE7aHAN3Ryqh2yX6Xox2B4CUmTwwOIzlG3Bs7ocsP5dZH/R1Qbg=="
    }
  }
}
